// !$*UTF8*$!
{
	archiveVersion = 1;
	classes = {
	};
	objectVersion = 46;
	objects = {

/* Begin PBXBuildFile section */
		11181CEB19D5079300B0BA59 /* Functions.swift in Sources */ = {isa = PBXBuildFile; fileRef = 11181CEA19D5079300B0BA59 /* Functions.swift */; };
		112EEB4119D5D2F500114268 /* SessionCreateResponseMessage.swift in Sources */ = {isa = PBXBuildFile; fileRef = 112EEB4019D5D2F500114268 /* SessionCreateResponseMessage.swift */; };
		112EEB4319D5E18300114268 /* ScopeSyncMessage.swift in Sources */ = {isa = PBXBuildFile; fileRef = 112EEB4219D5E18300114268 /* ScopeSyncMessage.swift */; };
		112EEB4519D5E1C900114268 /* ScopeFetchMessage.swift in Sources */ = {isa = PBXBuildFile; fileRef = 112EEB4419D5E1C900114268 /* ScopeFetchMessage.swift */; };
		1147801B19EECCD900B7E4FB /* SystemConfiguration.framework in Frameworks */ = {isa = PBXBuildFile; fileRef = 1147801A19EECCD900B7E4FB /* SystemConfiguration.framework */; };
		11A46E6119ECA4BF00F71BA2 /* PingMessage.swift in Sources */ = {isa = PBXBuildFile; fileRef = 11A46E6019ECA4BF00F71BA2 /* PingMessage.swift */; };
		11A46E6719ECEDB700F71BA2 /* Constants.swift in Sources */ = {isa = PBXBuildFile; fileRef = 11A46E6619ECEDB700F71BA2 /* Constants.swift */; };
		11A71EB519DB6ECD00B124B3 /* Extensions.swift in Sources */ = {isa = PBXBuildFile; fileRef = 11A71EB419DB6ECD00B124B3 /* Extensions.swift */; };
		11A71EB719DCAE9C00B124B3 /* ReplyMessage.swift in Sources */ = {isa = PBXBuildFile; fileRef = 11A71EB619DCAE9C00B124B3 /* ReplyMessage.swift */; };
		11A71EB819DDFAD500B124B3 /* Client.swift in Sources */ = {isa = PBXBuildFile; fileRef = 11EEC44E19D31F0300DCD737 /* Client.swift */; };
		11A71EB919DDFADF00B124B3 /* Extensions.swift in Sources */ = {isa = PBXBuildFile; fileRef = 11A71EB419DB6ECD00B124B3 /* Extensions.swift */; };
		11A71EBA19DDFADF00B124B3 /* Functions.swift in Sources */ = {isa = PBXBuildFile; fileRef = 11181CEA19D5079300B0BA59 /* Functions.swift */; };
		11A71EBB19DDFADF00B124B3 /* Logging.swift in Sources */ = {isa = PBXBuildFile; fileRef = 11EEC45E19D3396300DCD737 /* Logging.swift */; };
		11A71EBC19DDFADF00B124B3 /* Session.swift in Sources */ = {isa = PBXBuildFile; fileRef = 11EEC44019D319DC00DCD737 /* Session.swift */; };
		11A71EC019DDFAF400B124B3 /* ConnectionOptions.swift in Sources */ = {isa = PBXBuildFile; fileRef = 11EEC45019D321A700DCD737 /* ConnectionOptions.swift */; };
		11A71EC119DDFAF400B124B3 /* Transport.swift in Sources */ = {isa = PBXBuildFile; fileRef = 11EEC44219D31A3800DCD737 /* Transport.swift */; };
		11A71EC219DDFAFE00B124B3 /* Message.swift in Sources */ = {isa = PBXBuildFile; fileRef = 11EEC44A19D31CA700DCD737 /* Message.swift */; };
		11A71EC319DDFAFE00B124B3 /* ReplyMessage.swift in Sources */ = {isa = PBXBuildFile; fileRef = 11A71EB619DCAE9C00B124B3 /* ReplyMessage.swift */; };
		11A71EC419DDFAFE00B124B3 /* SessionCreateMessage.swift in Sources */ = {isa = PBXBuildFile; fileRef = 11EEC44C19D31CE600DCD737 /* SessionCreateMessage.swift */; };
		11A71EC519DDFAFE00B124B3 /* SessionCreateResponseMessage.swift in Sources */ = {isa = PBXBuildFile; fileRef = 112EEB4019D5D2F500114268 /* SessionCreateResponseMessage.swift */; };
		11A71EC619DDFAFE00B124B3 /* ScopeFetchMessage.swift in Sources */ = {isa = PBXBuildFile; fileRef = 112EEB4419D5E1C900114268 /* ScopeFetchMessage.swift */; };
		11A71EC719DDFAFE00B124B3 /* ScopeSyncMessage.swift in Sources */ = {isa = PBXBuildFile; fileRef = 112EEB4219D5E18300114268 /* ScopeSyncMessage.swift */; };
		11EEC44119D319DC00DCD737 /* Session.swift in Sources */ = {isa = PBXBuildFile; fileRef = 11EEC44019D319DC00DCD737 /* Session.swift */; };
		11EEC44319D31A3800DCD737 /* Transport.swift in Sources */ = {isa = PBXBuildFile; fileRef = 11EEC44219D31A3800DCD737 /* Transport.swift */; };
		11EEC44B19D31CA700DCD737 /* Message.swift in Sources */ = {isa = PBXBuildFile; fileRef = 11EEC44A19D31CA700DCD737 /* Message.swift */; };
		11EEC44D19D31CE600DCD737 /* SessionCreateMessage.swift in Sources */ = {isa = PBXBuildFile; fileRef = 11EEC44C19D31CE600DCD737 /* SessionCreateMessage.swift */; };
		11EEC44F19D31F0300DCD737 /* Client.swift in Sources */ = {isa = PBXBuildFile; fileRef = 11EEC44E19D31F0300DCD737 /* Client.swift */; };
		11EEC45119D321A700DCD737 /* ConnectionOptions.swift in Sources */ = {isa = PBXBuildFile; fileRef = 11EEC45019D321A700DCD737 /* ConnectionOptions.swift */; };
		11EEC45B19D32B2200DCD737 /* Jetstream.h in Headers */ = {isa = PBXBuildFile; fileRef = 11EEC45A19D32B2200DCD737 /* Jetstream.h */; settings = {ATTRIBUTES = (Public, ); }; };
		11EEC45F19D3396300DCD737 /* Logging.swift in Sources */ = {isa = PBXBuildFile; fileRef = 11EEC45E19D3396300DCD737 /* Logging.swift */; };
		11F7ACEA19EB983100BA50FB /* Starscream.framework in Frameworks */ = {isa = PBXBuildFile; fileRef = 11F7ACE619EB981200BA50FB /* Starscream.framework */; };
		11F7ACEC19EB989900BA50FB /* WebsocketTransportAdapter.swift in Sources */ = {isa = PBXBuildFile; fileRef = 11F7ACEB19EB989900BA50FB /* WebsocketTransportAdapter.swift */; };
		7202D0CB19D63476004E9A47 /* Jetstream.framework in Frameworks */ = {isa = PBXBuildFile; fileRef = 7291631519CB5FE500320F15 /* Jetstream.framework */; settings = {ATTRIBUTES = (Required, ); }; };
		7202D16419D63ACF004E9A47 /* TestModel.swift in Sources */ = {isa = PBXBuildFile; fileRef = 7291633019CB8B2C00320F15 /* TestModel.swift */; };
		7202D16519D63AED004E9A47 /* ModelObject.swift in Sources */ = {isa = PBXBuildFile; fileRef = 7291632E19CB880200320F15 /* ModelObject.swift */; };
		7202D16619D63AED004E9A47 /* Scope.swift in Sources */ = {isa = PBXBuildFile; fileRef = 7233FE2E19D4C9AE004B680C /* Scope.swift */; };
		7202D16719D63AED004E9A47 /* SyncFragment.swift in Sources */ = {isa = PBXBuildFile; fileRef = 727EAA4219D4CD2100B7990A /* SyncFragment.swift */; };
		7212916E19E5B3E400332376 /* StateMessageTests.swift in Sources */ = {isa = PBXBuildFile; fileRef = 7202D09E19D62E70004E9A47 /* StateMessageTests.swift */; };
		7212916F19E60A2600332376 /* DependencyTests.swift in Sources */ = {isa = PBXBuildFile; fileRef = 722231A219DC9DB900D99795 /* DependencyTests.swift */; };
		7212917019E60A2600332376 /* PropertyListenerTests.swift in Sources */ = {isa = PBXBuildFile; fileRef = 7291632419CB5FE500320F15 /* PropertyListenerTests.swift */; };
		7212917119E60A2600332376 /* ScopeTests.swift in Sources */ = {isa = PBXBuildFile; fileRef = 727EAA4B19D4DF8800B7990A /* ScopeTests.swift */; };
		7212917219E60A2600332376 /* SyncFragmentTests.swift in Sources */ = {isa = PBXBuildFile; fileRef = 727EAA4D19D4DFB800B7990A /* SyncFragmentTests.swift */; };
		7212917319E60A2600332376 /* TreeChangeTests.swift in Sources */ = {isa = PBXBuildFile; fileRef = 72A6B5F419CD16F400B7BD94 /* TreeChangeTests.swift */; };
		7233FE2F19D4C9AE004B680C /* Scope.swift in Sources */ = {isa = PBXBuildFile; fileRef = 7233FE2E19D4C9AE004B680C /* Scope.swift */; };
		725C6AC619E3680E006DBC1D /* ScopeStateMessage.swift in Sources */ = {isa = PBXBuildFile; fileRef = 725C6AC519E3680E006DBC1D /* ScopeStateMessage.swift */; };
		725C6AC719E36BDB006DBC1D /* ScopeStateMessage.swift in Sources */ = {isa = PBXBuildFile; fileRef = 725C6AC519E3680E006DBC1D /* ScopeStateMessage.swift */; };
		725FE2DE19E8ACDB000EAD87 /* Signals.framework in Frameworks */ = {isa = PBXBuildFile; fileRef = 725FE2DB19E8AC9D000EAD87 /* Signals.framework */; };
		727EAA4319D4CD2100B7990A /* SyncFragment.swift in Sources */ = {isa = PBXBuildFile; fileRef = 727EAA4219D4CD2100B7990A /* SyncFragment.swift */; };
		7284120519EDBDAE0071DD0B /* WebsocketTransportAdapter.swift in Sources */ = {isa = PBXBuildFile; fileRef = 11F7ACEB19EB989900BA50FB /* WebsocketTransportAdapter.swift */; };
		728874B719E84D620045712F /* ModelTests.swift in Sources */ = {isa = PBXBuildFile; fileRef = 728874B619E84D620045712F /* ModelTests.swift */; };
		7291632F19CB880200320F15 /* ModelObject.swift in Sources */ = {isa = PBXBuildFile; fileRef = 7291632E19CB880200320F15 /* ModelObject.swift */; };
		72A10C5019EF2A81005C5200 /* PingMessage.swift in Sources */ = {isa = PBXBuildFile; fileRef = 11A46E6019ECA4BF00F71BA2 /* PingMessage.swift */; };
		72A10C5519EF2AA9005C5200 /* Constants.swift in Sources */ = {isa = PBXBuildFile; fileRef = 11A46E6619ECEDB700F71BA2 /* Constants.swift */; };
		72DBB64919E496D600F6AB96 /* ModelValue.swift in Sources */ = {isa = PBXBuildFile; fileRef = 72DBB64819E496D600F6AB96 /* ModelValue.swift */; };
		72DBB64A19E4975900F6AB96 /* ModelValue.swift in Sources */ = {isa = PBXBuildFile; fileRef = 72DBB64819E496D600F6AB96 /* ModelValue.swift */; };
		72EF1C8619EDB7D2009C4B42 /* Enumerations.h in Headers */ = {isa = PBXBuildFile; fileRef = 72EF1C8319EDB5EA009C4B42 /* Enumerations.h */; settings = {ATTRIBUTES = (Public, ); }; };
/* End PBXBuildFile section */

/* Begin PBXContainerItemProxy section */
		11F7ACE519EB981200BA50FB /* PBXContainerItemProxy */ = {
			isa = PBXContainerItemProxy;
			containerPortal = 11F7ACDE19EB981200BA50FB /* Starscream.xcodeproj */;
			proxyType = 2;
			remoteGlobalIDString = 6B3E79E619D48B7F006071F7;
			remoteInfo = Starscream;
		};
		11F7ACE719EB981200BA50FB /* PBXContainerItemProxy */ = {
			isa = PBXContainerItemProxy;
			containerPortal = 11F7ACDE19EB981200BA50FB /* Starscream.xcodeproj */;
			proxyType = 2;
			remoteGlobalIDString = 6B3E79F119D48B7F006071F7;
			remoteInfo = StarscreamTests;
		};
		725FE2DA19E8AC9D000EAD87 /* PBXContainerItemProxy */ = {
			isa = PBXContainerItemProxy;
			containerPortal = 725FE2D519E8AC9D000EAD87 /* Signals.xcodeproj */;
			proxyType = 2;
			remoteGlobalIDString = 729A2F24199FE332005D7617;
			remoteInfo = Signals;
		};
		725FE2DC19E8AC9D000EAD87 /* PBXContainerItemProxy */ = {
			isa = PBXContainerItemProxy;
			containerPortal = 725FE2D519E8AC9D000EAD87 /* Signals.xcodeproj */;
			proxyType = 2;
			remoteGlobalIDString = 729A2F2F199FE332005D7617;
			remoteInfo = SignalsTests;
		};
		7296633419DDFADD00F68441 /* PBXContainerItemProxy */ = {
			isa = PBXContainerItemProxy;
			containerPortal = 7291630C19CB5FE500320F15 /* Project object */;
			proxyType = 1;
			remoteGlobalIDString = 7291631419CB5FE500320F15;
			remoteInfo = Jetstream;
		};
/* End PBXContainerItemProxy section */

/* Begin PBXFileReference section */
		11181CEA19D5079300B0BA59 /* Functions.swift */ = {isa = PBXFileReference; fileEncoding = 4; lastKnownFileType = sourcecode.swift; path = Functions.swift; sourceTree = "<group>"; };
		112EEB4019D5D2F500114268 /* SessionCreateResponseMessage.swift */ = {isa = PBXFileReference; fileEncoding = 4; lastKnownFileType = sourcecode.swift; path = SessionCreateResponseMessage.swift; sourceTree = "<group>"; };
		112EEB4219D5E18300114268 /* ScopeSyncMessage.swift */ = {isa = PBXFileReference; fileEncoding = 4; lastKnownFileType = sourcecode.swift; path = ScopeSyncMessage.swift; sourceTree = "<group>"; };
		112EEB4419D5E1C900114268 /* ScopeFetchMessage.swift */ = {isa = PBXFileReference; fileEncoding = 4; lastKnownFileType = sourcecode.swift; path = ScopeFetchMessage.swift; sourceTree = "<group>"; };
		1147801A19EECCD900B7E4FB /* SystemConfiguration.framework */ = {isa = PBXFileReference; lastKnownFileType = wrapper.framework; name = SystemConfiguration.framework; path = System/Library/Frameworks/SystemConfiguration.framework; sourceTree = SDKROOT; };
		11A46E6019ECA4BF00F71BA2 /* PingMessage.swift */ = {isa = PBXFileReference; fileEncoding = 4; lastKnownFileType = sourcecode.swift; path = PingMessage.swift; sourceTree = "<group>"; };
		11A46E6619ECEDB700F71BA2 /* Constants.swift */ = {isa = PBXFileReference; fileEncoding = 4; lastKnownFileType = sourcecode.swift; path = Constants.swift; sourceTree = "<group>"; };
		11A71EB419DB6ECD00B124B3 /* Extensions.swift */ = {isa = PBXFileReference; fileEncoding = 4; lastKnownFileType = sourcecode.swift; path = Extensions.swift; sourceTree = "<group>"; };
		11A71EB619DCAE9C00B124B3 /* ReplyMessage.swift */ = {isa = PBXFileReference; fileEncoding = 4; lastKnownFileType = sourcecode.swift; path = ReplyMessage.swift; sourceTree = "<group>"; };
		11EEC44019D319DC00DCD737 /* Session.swift */ = {isa = PBXFileReference; fileEncoding = 4; lastKnownFileType = sourcecode.swift; path = Session.swift; sourceTree = "<group>"; };
		11EEC44219D31A3800DCD737 /* Transport.swift */ = {isa = PBXFileReference; fileEncoding = 4; lastKnownFileType = sourcecode.swift; path = Transport.swift; sourceTree = "<group>"; };
		11EEC44A19D31CA700DCD737 /* Message.swift */ = {isa = PBXFileReference; fileEncoding = 4; lastKnownFileType = sourcecode.swift; path = Message.swift; sourceTree = "<group>"; };
		11EEC44C19D31CE600DCD737 /* SessionCreateMessage.swift */ = {isa = PBXFileReference; fileEncoding = 4; lastKnownFileType = sourcecode.swift; path = SessionCreateMessage.swift; sourceTree = "<group>"; };
		11EEC44E19D31F0300DCD737 /* Client.swift */ = {isa = PBXFileReference; fileEncoding = 4; lastKnownFileType = sourcecode.swift; path = Client.swift; sourceTree = "<group>"; };
		11EEC45019D321A700DCD737 /* ConnectionOptions.swift */ = {isa = PBXFileReference; fileEncoding = 4; lastKnownFileType = sourcecode.swift; path = ConnectionOptions.swift; sourceTree = "<group>"; };
		11EEC45819D32AEC00DCD737 /* Foundation.framework */ = {isa = PBXFileReference; lastKnownFileType = wrapper.framework; name = Foundation.framework; path = System/Library/Frameworks/Foundation.framework; sourceTree = SDKROOT; };
		11EEC45A19D32B2200DCD737 /* Jetstream.h */ = {isa = PBXFileReference; fileEncoding = 4; lastKnownFileType = sourcecode.c.h; path = Jetstream.h; sourceTree = "<group>"; };
		11EEC45E19D3396300DCD737 /* Logging.swift */ = {isa = PBXFileReference; fileEncoding = 4; lastKnownFileType = sourcecode.swift; path = Logging.swift; sourceTree = "<group>"; };
		11F7ACDE19EB981200BA50FB /* Starscream.xcodeproj */ = {isa = PBXFileReference; lastKnownFileType = "wrapper.pb-project"; name = Starscream.xcodeproj; path = starscream/Starscream.xcodeproj; sourceTree = "<group>"; };
		11F7ACEB19EB989900BA50FB /* WebsocketTransportAdapter.swift */ = {isa = PBXFileReference; fileEncoding = 4; lastKnownFileType = sourcecode.swift; path = WebsocketTransportAdapter.swift; sourceTree = "<group>"; };
		7202D09E19D62E70004E9A47 /* StateMessageTests.swift */ = {isa = PBXFileReference; fileEncoding = 4; lastKnownFileType = sourcecode.swift; path = StateMessageTests.swift; sourceTree = "<group>"; wrapsLines = 1; };
		722231A219DC9DB900D99795 /* DependencyTests.swift */ = {isa = PBXFileReference; fileEncoding = 4; lastKnownFileType = sourcecode.swift; path = DependencyTests.swift; sourceTree = "<group>"; wrapsLines = 1; };
		7233FE2E19D4C9AE004B680C /* Scope.swift */ = {isa = PBXFileReference; fileEncoding = 4; lastKnownFileType = sourcecode.swift; path = Scope.swift; sourceTree = "<group>"; };
		725C6AC519E3680E006DBC1D /* ScopeStateMessage.swift */ = {isa = PBXFileReference; fileEncoding = 4; lastKnownFileType = sourcecode.swift; path = ScopeStateMessage.swift; sourceTree = "<group>"; };
		725FE2D519E8AC9D000EAD87 /* Signals.xcodeproj */ = {isa = PBXFileReference; lastKnownFileType = "wrapper.pb-project"; name = Signals.xcodeproj; path = Signals/Signals.xcodeproj; sourceTree = "<group>"; };
		727EAA4219D4CD2100B7990A /* SyncFragment.swift */ = {isa = PBXFileReference; fileEncoding = 4; lastKnownFileType = sourcecode.swift; path = SyncFragment.swift; sourceTree = "<group>"; };
		727EAA4B19D4DF8800B7990A /* ScopeTests.swift */ = {isa = PBXFileReference; fileEncoding = 4; lastKnownFileType = sourcecode.swift; path = ScopeTests.swift; sourceTree = "<group>"; wrapsLines = 1; };
		727EAA4D19D4DFB800B7990A /* SyncFragmentTests.swift */ = {isa = PBXFileReference; fileEncoding = 4; lastKnownFileType = sourcecode.swift; path = SyncFragmentTests.swift; sourceTree = "<group>"; wrapsLines = 1; };
		728874B619E84D620045712F /* ModelTests.swift */ = {isa = PBXFileReference; fileEncoding = 4; lastKnownFileType = sourcecode.swift; path = ModelTests.swift; sourceTree = "<group>"; };
		7291631519CB5FE500320F15 /* Jetstream.framework */ = {isa = PBXFileReference; explicitFileType = wrapper.framework; includeInIndex = 0; path = Jetstream.framework; sourceTree = BUILT_PRODUCTS_DIR; };
		7291631919CB5FE500320F15 /* Info.plist */ = {isa = PBXFileReference; lastKnownFileType = text.plist.xml; path = Info.plist; sourceTree = "<group>"; };
		7291632019CB5FE500320F15 /* JetstreamTests.xctest */ = {isa = PBXFileReference; explicitFileType = wrapper.cfbundle; includeInIndex = 0; path = JetstreamTests.xctest; sourceTree = BUILT_PRODUCTS_DIR; };
		7291632319CB5FE500320F15 /* Info.plist */ = {isa = PBXFileReference; lastKnownFileType = text.plist.xml; path = Info.plist; sourceTree = "<group>"; };
		7291632419CB5FE500320F15 /* PropertyListenerTests.swift */ = {isa = PBXFileReference; lastKnownFileType = sourcecode.swift; path = PropertyListenerTests.swift; sourceTree = "<group>"; wrapsLines = 1; };
		7291632E19CB880200320F15 /* ModelObject.swift */ = {isa = PBXFileReference; fileEncoding = 4; lastKnownFileType = sourcecode.swift; path = ModelObject.swift; sourceTree = "<group>"; };
		7291633019CB8B2C00320F15 /* TestModel.swift */ = {isa = PBXFileReference; fileEncoding = 4; lastKnownFileType = sourcecode.swift; path = TestModel.swift; sourceTree = "<group>"; };
		72A6B5F419CD16F400B7BD94 /* TreeChangeTests.swift */ = {isa = PBXFileReference; fileEncoding = 4; lastKnownFileType = sourcecode.swift; path = TreeChangeTests.swift; sourceTree = "<group>"; wrapsLines = 1; };
		72DBB64819E496D600F6AB96 /* ModelValue.swift */ = {isa = PBXFileReference; fileEncoding = 4; lastKnownFileType = sourcecode.swift; path = ModelValue.swift; sourceTree = "<group>"; };
		72EF1C8319EDB5EA009C4B42 /* Enumerations.h */ = {isa = PBXFileReference; fileEncoding = 4; lastKnownFileType = sourcecode.c.h; path = Enumerations.h; sourceTree = "<group>"; };
/* End PBXFileReference section */

/* Begin PBXFrameworksBuildPhase section */
		7291631119CB5FE500320F15 /* Frameworks */ = {
			isa = PBXFrameworksBuildPhase;
			buildActionMask = 2147483647;
			files = (
				1147801B19EECCD900B7E4FB /* SystemConfiguration.framework in Frameworks */,
				11F7ACEA19EB983100BA50FB /* Starscream.framework in Frameworks */,
				725FE2DE19E8ACDB000EAD87 /* Signals.framework in Frameworks */,
			);
			runOnlyForDeploymentPostprocessing = 0;
		};
		7291631D19CB5FE500320F15 /* Frameworks */ = {
			isa = PBXFrameworksBuildPhase;
			buildActionMask = 2147483647;
			files = (
				7202D0CB19D63476004E9A47 /* Jetstream.framework in Frameworks */,
			);
			runOnlyForDeploymentPostprocessing = 0;
		};
/* End PBXFrameworksBuildPhase section */

/* Begin PBXGroup section */
		118B0B6F19D47D7900D31133 /* Adapters */ = {
			isa = PBXGroup;
			children = (
				11F7ACEB19EB989900BA50FB /* WebsocketTransportAdapter.swift */,
			);
			name = Adapters;
			sourceTree = "<group>";
		};
		11EEC44419D31B0800DCD737 /* Transport */ = {
			isa = PBXGroup;
			children = (
				118B0B6F19D47D7900D31133 /* Adapters */,
				11EEC45019D321A700DCD737 /* ConnectionOptions.swift */,
				11EEC44219D31A3800DCD737 /* Transport.swift */,
			);
			name = Transport;
			sourceTree = "<group>";
		};
		11EEC44919D31C9C00DCD737 /* Messages */ = {
			isa = PBXGroup;
			children = (
				11EEC44A19D31CA700DCD737 /* Message.swift */,
				11A46E6019ECA4BF00F71BA2 /* PingMessage.swift */,
				11A71EB619DCAE9C00B124B3 /* ReplyMessage.swift */,
				112EEB4419D5E1C900114268 /* ScopeFetchMessage.swift */,
				725C6AC519E3680E006DBC1D /* ScopeStateMessage.swift */,
				112EEB4219D5E18300114268 /* ScopeSyncMessage.swift */,
				11EEC44C19D31CE600DCD737 /* SessionCreateMessage.swift */,
				112EEB4019D5D2F500114268 /* SessionCreateResponseMessage.swift */,
			);
			name = Messages;
			sourceTree = "<group>";
		};
		11F7ACDF19EB981200BA50FB /* Products */ = {
			isa = PBXGroup;
			children = (
				11F7ACE619EB981200BA50FB /* Starscream.framework */,
				11F7ACE819EB981200BA50FB /* StarscreamTests.xctest */,
			);
			name = Products;
			sourceTree = "<group>";
		};
		725FE2B919E8A79A000EAD87 /* Frameworks */ = {
			isa = PBXGroup;
			children = (
				725FE2D519E8AC9D000EAD87 /* Signals.xcodeproj */,
				11F7ACDE19EB981200BA50FB /* Starscream.xcodeproj */,
			);
			name = Frameworks;
			sourceTree = "<group>";
		};
		725FE2D619E8AC9D000EAD87 /* Products */ = {
			isa = PBXGroup;
			children = (
				725FE2DB19E8AC9D000EAD87 /* Signals.framework */,
				725FE2DD19E8AC9D000EAD87 /* SignalsTests.xctest */,
			);
			name = Products;
			sourceTree = "<group>";
		};
		7291630B19CB5FE500320F15 = {
			isa = PBXGroup;
			children = (
				1147801A19EECCD900B7E4FB /* SystemConfiguration.framework */,
				11EEC45819D32AEC00DCD737 /* Foundation.framework */,
				7291631719CB5FE500320F15 /* Jetstream */,
				7291632119CB5FE500320F15 /* JetstreamTests */,
				7291631619CB5FE500320F15 /* Products */,
			);
			sourceTree = "<group>";
		};
		7291631619CB5FE500320F15 /* Products */ = {
			isa = PBXGroup;
			children = (
				7291631519CB5FE500320F15 /* Jetstream.framework */,
				7291632019CB5FE500320F15 /* JetstreamTests.xctest */,
			);
			name = Products;
			sourceTree = "<group>";
		};
		7291631719CB5FE500320F15 /* Jetstream */ = {
			isa = PBXGroup;
			children = (
				725FE2B919E8A79A000EAD87 /* Frameworks */,
				11EEC44919D31C9C00DCD737 /* Messages */,
				7291631819CB5FE500320F15 /* Supporting Files */,
				11EEC44419D31B0800DCD737 /* Transport */,
				11EEC44E19D31F0300DCD737 /* Client.swift */,
				11A46E6619ECEDB700F71BA2 /* Constants.swift */,
				11A71EB419DB6ECD00B124B3 /* Extensions.swift */,
				11181CEA19D5079300B0BA59 /* Functions.swift */,
				11EEC45E19D3396300DCD737 /* Logging.swift */,
				7291632E19CB880200320F15 /* ModelObject.swift */,
				72DBB64819E496D600F6AB96 /* ModelValue.swift */,
				7233FE2E19D4C9AE004B680C /* Scope.swift */,
				11EEC44019D319DC00DCD737 /* Session.swift */,
				727EAA4219D4CD2100B7990A /* SyncFragment.swift */,
				11EEC45A19D32B2200DCD737 /* Jetstream.h */,
			);
			path = Jetstream;
			sourceTree = "<group>";
		};
		7291631819CB5FE500320F15 /* Supporting Files */ = {
			isa = PBXGroup;
			children = (
				7291631919CB5FE500320F15 /* Info.plist */,
			);
			name = "Supporting Files";
			sourceTree = "<group>";
		};
		7291632119CB5FE500320F15 /* JetstreamTests */ = {
			isa = PBXGroup;
			children = (
				722231A219DC9DB900D99795 /* DependencyTests.swift */,
				728874B619E84D620045712F /* ModelTests.swift */,
				7291632419CB5FE500320F15 /* PropertyListenerTests.swift */,
				727EAA4B19D4DF8800B7990A /* ScopeTests.swift */,
				7202D09E19D62E70004E9A47 /* StateMessageTests.swift */,
				727EAA4D19D4DFB800B7990A /* SyncFragmentTests.swift */,
				72A6B5F419CD16F400B7BD94 /* TreeChangeTests.swift */,
				72A6B5F619CD171500B7BD94 /* Models */,
				7291632219CB5FE500320F15 /* Supporting Files */,
			);
			path = JetstreamTests;
			sourceTree = "<group>";
		};
		7291632219CB5FE500320F15 /* Supporting Files */ = {
			isa = PBXGroup;
			children = (
				7291632319CB5FE500320F15 /* Info.plist */,
			);
			name = "Supporting Files";
			sourceTree = "<group>";
		};
		72A6B5F619CD171500B7BD94 /* Models */ = {
			isa = PBXGroup;
			children = (
				72EF1C8319EDB5EA009C4B42 /* Enumerations.h */,
				7291633019CB8B2C00320F15 /* TestModel.swift */,
			);
			name = Models;
			sourceTree = "<group>";
		};
/* End PBXGroup section */

/* Begin PBXHeadersBuildPhase section */
		7291631219CB5FE500320F15 /* Headers */ = {
			isa = PBXHeadersBuildPhase;
			buildActionMask = 2147483647;
			files = (
				11EEC45B19D32B2200DCD737 /* Jetstream.h in Headers */,
				72EF1C8619EDB7D2009C4B42 /* Enumerations.h in Headers */,
			);
			runOnlyForDeploymentPostprocessing = 0;
		};
/* End PBXHeadersBuildPhase section */

/* Begin PBXNativeTarget section */
		7291631419CB5FE500320F15 /* Jetstream */ = {
			isa = PBXNativeTarget;
			buildConfigurationList = 7291632819CB5FE500320F15 /* Build configuration list for PBXNativeTarget "Jetstream" */;
			buildPhases = (
				7291631019CB5FE500320F15 /* Sources */,
				7291631119CB5FE500320F15 /* Frameworks */,
				7291631219CB5FE500320F15 /* Headers */,
				7291631319CB5FE500320F15 /* Resources */,
			);
			buildRules = (
			);
			dependencies = (
			);
			name = Jetstream;
			productName = Jetstream;
			productReference = 7291631519CB5FE500320F15 /* Jetstream.framework */;
			productType = "com.apple.product-type.framework";
		};
		7291631F19CB5FE500320F15 /* JetstreamTests */ = {
			isa = PBXNativeTarget;
			buildConfigurationList = 7291632B19CB5FE500320F15 /* Build configuration list for PBXNativeTarget "JetstreamTests" */;
			buildPhases = (
				7291631C19CB5FE500320F15 /* Sources */,
				7291631D19CB5FE500320F15 /* Frameworks */,
				7291631E19CB5FE500320F15 /* Resources */,
			);
			buildRules = (
			);
			dependencies = (
				7296633519DDFADD00F68441 /* PBXTargetDependency */,
			);
			name = JetstreamTests;
			productName = JetstreamTests;
			productReference = 7291632019CB5FE500320F15 /* JetstreamTests.xctest */;
			productType = "com.apple.product-type.bundle.unit-test";
		};
/* End PBXNativeTarget section */

/* Begin PBXProject section */
		7291630C19CB5FE500320F15 /* Project object */ = {
			isa = PBXProject;
			attributes = {
				LastUpgradeCheck = 0600;
				ORGANIZATIONNAME = "Uber Technologies, Inc";
				TargetAttributes = {
					7291631419CB5FE500320F15 = {
						CreatedOnToolsVersion = 6.0;
					};
					7291631F19CB5FE500320F15 = {
						CreatedOnToolsVersion = 6.0;
					};
				};
			};
			buildConfigurationList = 7291630F19CB5FE500320F15 /* Build configuration list for PBXProject "Jetstream" */;
			compatibilityVersion = "Xcode 3.2";
			developmentRegion = English;
			hasScannedForEncodings = 0;
			knownRegions = (
				en,
			);
			mainGroup = 7291630B19CB5FE500320F15;
			productRefGroup = 7291631619CB5FE500320F15 /* Products */;
			projectDirPath = "";
			projectReferences = (
				{
					ProductGroup = 725FE2D619E8AC9D000EAD87 /* Products */;
					ProjectRef = 725FE2D519E8AC9D000EAD87 /* Signals.xcodeproj */;
				},
				{
					ProductGroup = 11F7ACDF19EB981200BA50FB /* Products */;
					ProjectRef = 11F7ACDE19EB981200BA50FB /* Starscream.xcodeproj */;
				},
			);
			projectRoot = "";
			targets = (
				7291631419CB5FE500320F15 /* Jetstream */,
				7291631F19CB5FE500320F15 /* JetstreamTests */,
			);
		};
/* End PBXProject section */

/* Begin PBXReferenceProxy section */
		11F7ACE619EB981200BA50FB /* Starscream.framework */ = {
			isa = PBXReferenceProxy;
			fileType = wrapper.framework;
			path = Starscream.framework;
			remoteRef = 11F7ACE519EB981200BA50FB /* PBXContainerItemProxy */;
			sourceTree = BUILT_PRODUCTS_DIR;
		};
		11F7ACE819EB981200BA50FB /* StarscreamTests.xctest */ = {
			isa = PBXReferenceProxy;
			fileType = wrapper.cfbundle;
			path = StarscreamTests.xctest;
			remoteRef = 11F7ACE719EB981200BA50FB /* PBXContainerItemProxy */;
			sourceTree = BUILT_PRODUCTS_DIR;
		};
		725FE2DB19E8AC9D000EAD87 /* Signals.framework */ = {
			isa = PBXReferenceProxy;
			fileType = wrapper.framework;
			path = Signals.framework;
			remoteRef = 725FE2DA19E8AC9D000EAD87 /* PBXContainerItemProxy */;
			sourceTree = BUILT_PRODUCTS_DIR;
		};
		725FE2DD19E8AC9D000EAD87 /* SignalsTests.xctest */ = {
			isa = PBXReferenceProxy;
			fileType = wrapper.cfbundle;
			path = SignalsTests.xctest;
			remoteRef = 725FE2DC19E8AC9D000EAD87 /* PBXContainerItemProxy */;
			sourceTree = BUILT_PRODUCTS_DIR;
		};
/* End PBXReferenceProxy section */

/* Begin PBXResourcesBuildPhase section */
		7291631319CB5FE500320F15 /* Resources */ = {
			isa = PBXResourcesBuildPhase;
			buildActionMask = 2147483647;
			files = (
			);
			runOnlyForDeploymentPostprocessing = 0;
		};
		7291631E19CB5FE500320F15 /* Resources */ = {
			isa = PBXResourcesBuildPhase;
			buildActionMask = 2147483647;
			files = (
			);
			runOnlyForDeploymentPostprocessing = 0;
		};
/* End PBXResourcesBuildPhase section */

/* Begin PBXSourcesBuildPhase section */
		7291631019CB5FE500320F15 /* Sources */ = {
			isa = PBXSourcesBuildPhase;
			buildActionMask = 2147483647;
			files = (
				72DBB64919E496D600F6AB96 /* ModelValue.swift in Sources */,
				11F7ACEC19EB989900BA50FB /* WebsocketTransportAdapter.swift in Sources */,
				11EEC45119D321A700DCD737 /* ConnectionOptions.swift in Sources */,
				7291632F19CB880200320F15 /* ModelObject.swift in Sources */,
				11EEC44D19D31CE600DCD737 /* SessionCreateMessage.swift in Sources */,
				11EEC44119D319DC00DCD737 /* Session.swift in Sources */,
				112EEB4119D5D2F500114268 /* SessionCreateResponseMessage.swift in Sources */,
				112EEB4319D5E18300114268 /* ScopeSyncMessage.swift in Sources */,
				727EAA4319D4CD2100B7990A /* SyncFragment.swift in Sources */,
				7233FE2F19D4C9AE004B680C /* Scope.swift in Sources */,
				11181CEB19D5079300B0BA59 /* Functions.swift in Sources */,
				11A46E6719ECEDB700F71BA2 /* Constants.swift in Sources */,
				11EEC45F19D3396300DCD737 /* Logging.swift in Sources */,
				11EEC44319D31A3800DCD737 /* Transport.swift in Sources */,
				11A71EB519DB6ECD00B124B3 /* Extensions.swift in Sources */,
				11A71EB719DCAE9C00B124B3 /* ReplyMessage.swift in Sources */,
				11EEC44F19D31F0300DCD737 /* Client.swift in Sources */,
				725C6AC619E3680E006DBC1D /* ScopeStateMessage.swift in Sources */,
				112EEB4519D5E1C900114268 /* ScopeFetchMessage.swift in Sources */,
				11EEC44B19D31CA700DCD737 /* Message.swift in Sources */,
				11A46E6119ECA4BF00F71BA2 /* PingMessage.swift in Sources */,
			);
			runOnlyForDeploymentPostprocessing = 0;
		};
		7291631C19CB5FE500320F15 /* Sources */ = {
			isa = PBXSourcesBuildPhase;
			buildActionMask = 2147483647;
			files = (
				7212917119E60A2600332376 /* ScopeTests.swift in Sources */,
				7212916F19E60A2600332376 /* DependencyTests.swift in Sources */,
				7212917319E60A2600332376 /* TreeChangeTests.swift in Sources */,
				72A10C5019EF2A81005C5200 /* PingMessage.swift in Sources */,
				725C6AC719E36BDB006DBC1D /* ScopeStateMessage.swift in Sources */,
				72A10C5519EF2AA9005C5200 /* Constants.swift in Sources */,
				7212917219E60A2600332376 /* SyncFragmentTests.swift in Sources */,
				7202D16619D63AED004E9A47 /* Scope.swift in Sources */,
				11A71EC319DDFAFE00B124B3 /* ReplyMessage.swift in Sources */,
				11A71EC519DDFAFE00B124B3 /* SessionCreateResponseMessage.swift in Sources */,
				7212917019E60A2600332376 /* PropertyListenerTests.swift in Sources */,
				11A71EBB19DDFADF00B124B3 /* Logging.swift in Sources */,
				11A71EC419DDFAFE00B124B3 /* SessionCreateMessage.swift in Sources */,
				72DBB64A19E4975900F6AB96 /* ModelValue.swift in Sources */,
				7212916E19E5B3E400332376 /* StateMessageTests.swift in Sources */,
				11A71EC619DDFAFE00B124B3 /* ScopeFetchMessage.swift in Sources */,
				11A71EC219DDFAFE00B124B3 /* Message.swift in Sources */,
				728874B719E84D620045712F /* ModelTests.swift in Sources */,
				11A71EBC19DDFADF00B124B3 /* Session.swift in Sources */,
				11A71EC119DDFAF400B124B3 /* Transport.swift in Sources */,
				11A71EB819DDFAD500B124B3 /* Client.swift in Sources */,
				7284120519EDBDAE0071DD0B /* WebsocketTransportAdapter.swift in Sources */,
				11A71EBA19DDFADF00B124B3 /* Functions.swift in Sources */,
				7202D16419D63ACF004E9A47 /* TestModel.swift in Sources */,
				11A71EB919DDFADF00B124B3 /* Extensions.swift in Sources */,
				7202D16519D63AED004E9A47 /* ModelObject.swift in Sources */,
				7202D16719D63AED004E9A47 /* SyncFragment.swift in Sources */,
				11A71EC019DDFAF400B124B3 /* ConnectionOptions.swift in Sources */,
				11A71EC719DDFAFE00B124B3 /* ScopeSyncMessage.swift in Sources */,
			);
			runOnlyForDeploymentPostprocessing = 0;
		};
/* End PBXSourcesBuildPhase section */

/* Begin PBXTargetDependency section */
		7296633519DDFADD00F68441 /* PBXTargetDependency */ = {
			isa = PBXTargetDependency;
			target = 7291631419CB5FE500320F15 /* Jetstream */;
			targetProxy = 7296633419DDFADD00F68441 /* PBXContainerItemProxy */;
		};
/* End PBXTargetDependency section */

/* Begin XCBuildConfiguration section */
		7291632619CB5FE500320F15 /* Debug */ = {
			isa = XCBuildConfiguration;
			buildSettings = {
				ALWAYS_SEARCH_USER_PATHS = NO;
				CLANG_CXX_LANGUAGE_STANDARD = "gnu++0x";
				CLANG_CXX_LIBRARY = "libc++";
				CLANG_ENABLE_MODULES = YES;
				CLANG_ENABLE_OBJC_ARC = YES;
				CLANG_WARN_BOOL_CONVERSION = YES;
				CLANG_WARN_CONSTANT_CONVERSION = YES;
				CLANG_WARN_DIRECT_OBJC_ISA_USAGE = YES_ERROR;
				CLANG_WARN_EMPTY_BODY = YES;
				CLANG_WARN_ENUM_CONVERSION = YES;
				CLANG_WARN_INT_CONVERSION = YES;
				CLANG_WARN_OBJC_ROOT_CLASS = YES_ERROR;
				CLANG_WARN_UNREACHABLE_CODE = YES;
				CLANG_WARN__DUPLICATE_METHOD_MATCH = YES;
				"CODE_SIGN_IDENTITY[sdk=iphoneos*]" = "iPhone Developer";
				COPY_PHASE_STRIP = NO;
				CURRENT_PROJECT_VERSION = 1;
				ENABLE_STRICT_OBJC_MSGSEND = YES;
				GCC_C_LANGUAGE_STANDARD = gnu99;
				GCC_DYNAMIC_NO_PIC = NO;
				GCC_OPTIMIZATION_LEVEL = 0;
				GCC_PREPROCESSOR_DEFINITIONS = (
					"DEBUG=1",
					"$(inherited)",
				);
				GCC_SYMBOLS_PRIVATE_EXTERN = NO;
				GCC_WARN_64_TO_32_BIT_CONVERSION = YES;
				GCC_WARN_ABOUT_RETURN_TYPE = YES_ERROR;
				GCC_WARN_UNDECLARED_SELECTOR = YES;
				GCC_WARN_UNINITIALIZED_AUTOS = YES_AGGRESSIVE;
				GCC_WARN_UNUSED_FUNCTION = YES;
				GCC_WARN_UNUSED_VARIABLE = YES;
				IPHONEOS_DEPLOYMENT_TARGET = 8.0;
				MTL_ENABLE_DEBUG_INFO = YES;
				ONLY_ACTIVE_ARCH = YES;
				SDKROOT = iphoneos;
				SWIFT_OPTIMIZATION_LEVEL = "-Onone";
				TARGETED_DEVICE_FAMILY = "1,2";
				VERSIONING_SYSTEM = "apple-generic";
				VERSION_INFO_PREFIX = "";
			};
			name = Debug;
		};
		7291632719CB5FE500320F15 /* Release */ = {
			isa = XCBuildConfiguration;
			buildSettings = {
				ALWAYS_SEARCH_USER_PATHS = NO;
				CLANG_CXX_LANGUAGE_STANDARD = "gnu++0x";
				CLANG_CXX_LIBRARY = "libc++";
				CLANG_ENABLE_MODULES = YES;
				CLANG_ENABLE_OBJC_ARC = YES;
				CLANG_WARN_BOOL_CONVERSION = YES;
				CLANG_WARN_CONSTANT_CONVERSION = YES;
				CLANG_WARN_DIRECT_OBJC_ISA_USAGE = YES_ERROR;
				CLANG_WARN_EMPTY_BODY = YES;
				CLANG_WARN_ENUM_CONVERSION = YES;
				CLANG_WARN_INT_CONVERSION = YES;
				CLANG_WARN_OBJC_ROOT_CLASS = YES_ERROR;
				CLANG_WARN_UNREACHABLE_CODE = YES;
				CLANG_WARN__DUPLICATE_METHOD_MATCH = YES;
				"CODE_SIGN_IDENTITY[sdk=iphoneos*]" = "iPhone Developer";
				COPY_PHASE_STRIP = YES;
				CURRENT_PROJECT_VERSION = 1;
				ENABLE_NS_ASSERTIONS = NO;
				ENABLE_STRICT_OBJC_MSGSEND = YES;
				GCC_C_LANGUAGE_STANDARD = gnu99;
				GCC_WARN_64_TO_32_BIT_CONVERSION = YES;
				GCC_WARN_ABOUT_RETURN_TYPE = YES_ERROR;
				GCC_WARN_UNDECLARED_SELECTOR = YES;
				GCC_WARN_UNINITIALIZED_AUTOS = YES_AGGRESSIVE;
				GCC_WARN_UNUSED_FUNCTION = YES;
				GCC_WARN_UNUSED_VARIABLE = YES;
				IPHONEOS_DEPLOYMENT_TARGET = 8.0;
				MTL_ENABLE_DEBUG_INFO = NO;
				SDKROOT = iphoneos;
				TARGETED_DEVICE_FAMILY = "1,2";
				VALIDATE_PRODUCT = YES;
				VERSIONING_SYSTEM = "apple-generic";
				VERSION_INFO_PREFIX = "";
			};
			name = Release;
		};
		7291632919CB5FE500320F15 /* Debug */ = {
			isa = XCBuildConfiguration;
			buildSettings = {
				CLANG_ALLOW_NON_MODULAR_INCLUDES_IN_FRAMEWORK_MODULES = YES;
				CLANG_ENABLE_MODULES = YES;
				DEFINES_MODULE = YES;
				DYLIB_COMPATIBILITY_VERSION = 1;
				DYLIB_CURRENT_VERSION = 1;
				DYLIB_INSTALL_NAME_BASE = "@rpath";
				EMBEDDED_CONTENT_CONTAINS_SWIFT = YES;
				HEADER_SEARCH_PATHS = (
					"$(inherited)",
					/Applications/Xcode.app/Contents/Developer/Toolchains/XcodeDefault.xctoolchain/usr/include,
				);
				INFOPLIST_FILE = Jetstream/Info.plist;
				INSTALL_PATH = "$(LOCAL_LIBRARY_DIR)/Frameworks";
				LD_RUNPATH_SEARCH_PATHS = "$(inherited) @executable_path/Frameworks @loader_path/Frameworks";
				LIBRARY_SEARCH_PATHS = (
					"$(inherited)",
					"$(PROJECT_DIR)/Jetstream",
				);
				PRODUCT_NAME = "$(TARGET_NAME)";
				SKIP_INSTALL = YES;
				SWIFT_OBJC_BRIDGING_HEADER = "";
				SWIFT_OPTIMIZATION_LEVEL = "-Onone";
			};
			name = Debug;
		};
		7291632A19CB5FE500320F15 /* Release */ = {
			isa = XCBuildConfiguration;
			buildSettings = {
				CLANG_ALLOW_NON_MODULAR_INCLUDES_IN_FRAMEWORK_MODULES = YES;
				CLANG_ENABLE_MODULES = YES;
				DEFINES_MODULE = YES;
				DYLIB_COMPATIBILITY_VERSION = 1;
				DYLIB_CURRENT_VERSION = 1;
				DYLIB_INSTALL_NAME_BASE = "@rpath";
				EMBEDDED_CONTENT_CONTAINS_SWIFT = YES;
				HEADER_SEARCH_PATHS = (
					"$(inherited)",
					/Applications/Xcode.app/Contents/Developer/Toolchains/XcodeDefault.xctoolchain/usr/include,
				);
				INFOPLIST_FILE = Jetstream/Info.plist;
				INSTALL_PATH = "$(LOCAL_LIBRARY_DIR)/Frameworks";
				LD_RUNPATH_SEARCH_PATHS = "$(inherited) @executable_path/Frameworks @loader_path/Frameworks";
				LIBRARY_SEARCH_PATHS = (
					"$(inherited)",
					"$(PROJECT_DIR)/Jetstream",
				);
				PRODUCT_NAME = "$(TARGET_NAME)";
				SKIP_INSTALL = YES;
				SWIFT_OBJC_BRIDGING_HEADER = "";
				SWIFT_OPTIMIZATION_LEVEL = "-Onone";
			};
			name = Release;
		};
		7291632C19CB5FE500320F15 /* Debug */ = {
			isa = XCBuildConfiguration;
			buildSettings = {
				CLANG_ALLOW_NON_MODULAR_INCLUDES_IN_FRAMEWORK_MODULES = YES;
				FRAMEWORK_SEARCH_PATHS = (
					"$(SDKROOT)/Developer/Library/Frameworks",
					"$(inherited)",
				);
				GCC_PREPROCESSOR_DEFINITIONS = (
					"DEBUG=1",
					"$(inherited)",
				);
				HEADER_SEARCH_PATHS = (
					"$(inherited)",
					/Applications/Xcode.app/Contents/Developer/Toolchains/XcodeDefault.xctoolchain/usr/include,
				);
				INFOPLIST_FILE = JetstreamTests/Info.plist;
				LD_RUNPATH_SEARCH_PATHS = "$(inherited) @executable_path/Frameworks @loader_path/Frameworks";
				PRODUCT_NAME = "$(TARGET_NAME)";
				SWIFT_OBJC_BRIDGING_HEADER = "$(PROJECT_DIR)/Jetstream/Jetstream.h";
			};
			name = Debug;
		};
		7291632D19CB5FE500320F15 /* Release */ = {
			isa = XCBuildConfiguration;
			buildSettings = {
				CLANG_ALLOW_NON_MODULAR_INCLUDES_IN_FRAMEWORK_MODULES = YES;
				FRAMEWORK_SEARCH_PATHS = (
					"$(SDKROOT)/Developer/Library/Frameworks",
					"$(inherited)",
				);
				HEADER_SEARCH_PATHS = (
					"$(inherited)",
					/Applications/Xcode.app/Contents/Developer/Toolchains/XcodeDefault.xctoolchain/usr/include,
				);
				INFOPLIST_FILE = JetstreamTests/Info.plist;
				LD_RUNPATH_SEARCH_PATHS = "$(inherited) @executable_path/Frameworks @loader_path/Frameworks";
				PRODUCT_NAME = "$(TARGET_NAME)";
				SWIFT_OBJC_BRIDGING_HEADER = "$(PROJECT_DIR)/Jetstream/Jetstream.h";
			};
			name = Release;
		};
/* End XCBuildConfiguration section */

/* Begin XCConfigurationList section */
		7291630F19CB5FE500320F15 /* Build configuration list for PBXProject "Jetstream" */ = {
			isa = XCConfigurationList;
			buildConfigurations = (
				7291632619CB5FE500320F15 /* Debug */,
				7291632719CB5FE500320F15 /* Release */,
			);
			defaultConfigurationIsVisible = 0;
			defaultConfigurationName = Release;
		};
		7291632819CB5FE500320F15 /* Build configuration list for PBXNativeTarget "Jetstream" */ = {
			isa = XCConfigurationList;
			buildConfigurations = (
				7291632919CB5FE500320F15 /* Debug */,
				7291632A19CB5FE500320F15 /* Release */,
			);
			defaultConfigurationIsVisible = 0;
			defaultConfigurationName = Release;
		};
		7291632B19CB5FE500320F15 /* Build configuration list for PBXNativeTarget "JetstreamTests" */ = {
			isa = XCConfigurationList;
			buildConfigurations = (
				7291632C19CB5FE500320F15 /* Debug */,
				7291632D19CB5FE500320F15 /* Release */,
			);
			defaultConfigurationIsVisible = 0;
			defaultConfigurationName = Release;
		};
/* End XCConfigurationList section */
	};
	rootObject = 7291630C19CB5FE500320F15 /* Project object */;
}
