// !$*UTF8*$!
{
	archiveVersion = 1;
	classes = {
	};
	objectVersion = 46;
	objects = {

/* Begin PBXBuildFile section */
		11EEC44119D319DC00DCD737 /* Session.swift in Sources */ = {isa = PBXBuildFile; fileRef = 11EEC44019D319DC00DCD737 /* Session.swift */; };
		11EEC44319D31A3800DCD737 /* Transport.swift in Sources */ = {isa = PBXBuildFile; fileRef = 11EEC44219D31A3800DCD737 /* Transport.swift */; };
		11EEC44619D31B7D00DCD737 /* MQTTLongPollChunkedTransportAdapter.swift in Sources */ = {isa = PBXBuildFile; fileRef = 11EEC44519D31B7D00DCD737 /* MQTTLongPollChunkedTransportAdapter.swift */; };
		11EEC44819D31B8B00DCD737 /* TransportAdapter.swift in Sources */ = {isa = PBXBuildFile; fileRef = 11EEC44719D31B8B00DCD737 /* TransportAdapter.swift */; };
		11EEC44B19D31CA700DCD737 /* Message.swift in Sources */ = {isa = PBXBuildFile; fileRef = 11EEC44A19D31CA700DCD737 /* Message.swift */; };
		11EEC44D19D31CE600DCD737 /* SessionCreateMessage.swift in Sources */ = {isa = PBXBuildFile; fileRef = 11EEC44C19D31CE600DCD737 /* SessionCreateMessage.swift */; };
		11EEC44F19D31F0300DCD737 /* Client.swift in Sources */ = {isa = PBXBuildFile; fileRef = 11EEC44E19D31F0300DCD737 /* Client.swift */; };
		11EEC45119D321A700DCD737 /* ConnectionOptions.swift in Sources */ = {isa = PBXBuildFile; fileRef = 11EEC45019D321A700DCD737 /* ConnectionOptions.swift */; };
		11EEC45B19D32B2200DCD737 /* Jetstream.h in Headers */ = {isa = PBXBuildFile; fileRef = 11EEC45A19D32B2200DCD737 /* Jetstream.h */; settings = {ATTRIBUTES = (Public, ); }; };
		11EEC45D19D3383E00DCD737 /* SwellAll.swift in Sources */ = {isa = PBXBuildFile; fileRef = 11EEC45C19D3383E00DCD737 /* SwellAll.swift */; };
		11EEC45F19D3396300DCD737 /* Logging.swift in Sources */ = {isa = PBXBuildFile; fileRef = 11EEC45E19D3396300DCD737 /* Logging.swift */; };
		7291632519CB5FE500320F15 /* JetstreamTests.swift in Sources */ = {isa = PBXBuildFile; fileRef = 7291632419CB5FE500320F15 /* JetstreamTests.swift */; };
		7291632F19CB880200320F15 /* ModelObject.swift in Sources */ = {isa = PBXBuildFile; fileRef = 7291632E19CB880200320F15 /* ModelObject.swift */; };
		7291633119CB8B2C00320F15 /* TestModel.swift in Sources */ = {isa = PBXBuildFile; fileRef = 7291633019CB8B2C00320F15 /* TestModel.swift */; };
		7291633319CB8BB700320F15 /* ModelObject.swift in Sources */ = {isa = PBXBuildFile; fileRef = 7291632E19CB880200320F15 /* ModelObject.swift */; };
		729F39DF19CB9CD200E38296 /* Signal.swift in Sources */ = {isa = PBXBuildFile; fileRef = 729F39DE19CB9CD200E38296 /* Signal.swift */; };
		729F39E019CB9D0400E38296 /* Signal.swift in Sources */ = {isa = PBXBuildFile; fileRef = 729F39DE19CB9CD200E38296 /* Signal.swift */; };
		72A6B5F519CD16F400B7BD94 /* TreeChangeTests.swift in Sources */ = {isa = PBXBuildFile; fileRef = 72A6B5F419CD16F400B7BD94 /* TreeChangeTests.swift */; };
/* End PBXBuildFile section */

/* Begin PBXFileReference section */
		11EEC44019D319DC00DCD737 /* Session.swift */ = {isa = PBXFileReference; fileEncoding = 4; lastKnownFileType = sourcecode.swift; path = Session.swift; sourceTree = "<group>"; };
		11EEC44219D31A3800DCD737 /* Transport.swift */ = {isa = PBXFileReference; fileEncoding = 4; lastKnownFileType = sourcecode.swift; path = Transport.swift; sourceTree = "<group>"; };
		11EEC44519D31B7D00DCD737 /* MQTTLongPollChunkedTransportAdapter.swift */ = {isa = PBXFileReference; fileEncoding = 4; lastKnownFileType = sourcecode.swift; path = MQTTLongPollChunkedTransportAdapter.swift; sourceTree = "<group>"; };
		11EEC44719D31B8B00DCD737 /* TransportAdapter.swift */ = {isa = PBXFileReference; fileEncoding = 4; lastKnownFileType = sourcecode.swift; path = TransportAdapter.swift; sourceTree = "<group>"; };
		11EEC44A19D31CA700DCD737 /* Message.swift */ = {isa = PBXFileReference; fileEncoding = 4; lastKnownFileType = sourcecode.swift; path = Message.swift; sourceTree = "<group>"; };
		11EEC44C19D31CE600DCD737 /* SessionCreateMessage.swift */ = {isa = PBXFileReference; fileEncoding = 4; lastKnownFileType = sourcecode.swift; path = SessionCreateMessage.swift; sourceTree = "<group>"; };
		11EEC44E19D31F0300DCD737 /* Client.swift */ = {isa = PBXFileReference; fileEncoding = 4; lastKnownFileType = sourcecode.swift; path = Client.swift; sourceTree = "<group>"; };
		11EEC45019D321A700DCD737 /* ConnectionOptions.swift */ = {isa = PBXFileReference; fileEncoding = 4; lastKnownFileType = sourcecode.swift; path = ConnectionOptions.swift; sourceTree = "<group>"; };
		11EEC45819D32AEC00DCD737 /* Foundation.framework */ = {isa = PBXFileReference; lastKnownFileType = wrapper.framework; name = Foundation.framework; path = System/Library/Frameworks/Foundation.framework; sourceTree = SDKROOT; };
		11EEC45A19D32B2200DCD737 /* Jetstream.h */ = {isa = PBXFileReference; fileEncoding = 4; lastKnownFileType = sourcecode.c.h; path = Jetstream.h; sourceTree = "<group>"; };
		11EEC45C19D3383E00DCD737 /* SwellAll.swift */ = {isa = PBXFileReference; fileEncoding = 4; lastKnownFileType = sourcecode.swift; path = SwellAll.swift; sourceTree = "<group>"; };
		11EEC45E19D3396300DCD737 /* Logging.swift */ = {isa = PBXFileReference; fileEncoding = 4; lastKnownFileType = sourcecode.swift; path = Logging.swift; sourceTree = "<group>"; };
		7291631519CB5FE500320F15 /* Jetstream.framework */ = {isa = PBXFileReference; explicitFileType = wrapper.framework; includeInIndex = 0; path = Jetstream.framework; sourceTree = BUILT_PRODUCTS_DIR; };
		7291631919CB5FE500320F15 /* Info.plist */ = {isa = PBXFileReference; lastKnownFileType = text.plist.xml; path = Info.plist; sourceTree = "<group>"; };
		7291632019CB5FE500320F15 /* JetstreamTests.xctest */ = {isa = PBXFileReference; explicitFileType = wrapper.cfbundle; includeInIndex = 0; path = JetstreamTests.xctest; sourceTree = BUILT_PRODUCTS_DIR; };
		7291632319CB5FE500320F15 /* Info.plist */ = {isa = PBXFileReference; lastKnownFileType = text.plist.xml; path = Info.plist; sourceTree = "<group>"; };
		7291632419CB5FE500320F15 /* JetstreamTests.swift */ = {isa = PBXFileReference; lastKnownFileType = sourcecode.swift; path = JetstreamTests.swift; sourceTree = "<group>"; };
		7291632E19CB880200320F15 /* ModelObject.swift */ = {isa = PBXFileReference; fileEncoding = 4; lastKnownFileType = sourcecode.swift; path = ModelObject.swift; sourceTree = "<group>"; };
		7291633019CB8B2C00320F15 /* TestModel.swift */ = {isa = PBXFileReference; fileEncoding = 4; lastKnownFileType = sourcecode.swift; path = TestModel.swift; sourceTree = "<group>"; };
		729F39DE19CB9CD200E38296 /* Signal.swift */ = {isa = PBXFileReference; fileEncoding = 4; lastKnownFileType = sourcecode.swift; path = Signal.swift; sourceTree = "<group>"; };
		72A6B5F419CD16F400B7BD94 /* TreeChangeTests.swift */ = {isa = PBXFileReference; fileEncoding = 4; lastKnownFileType = sourcecode.swift; path = TreeChangeTests.swift; sourceTree = "<group>"; };
/* End PBXFileReference section */

/* Begin PBXFrameworksBuildPhase section */
		7291631119CB5FE500320F15 /* Frameworks */ = {
			isa = PBXFrameworksBuildPhase;
			buildActionMask = 2147483647;
			files = (
			);
			runOnlyForDeploymentPostprocessing = 0;
		};
		7291631D19CB5FE500320F15 /* Frameworks */ = {
			isa = PBXFrameworksBuildPhase;
			buildActionMask = 2147483647;
			files = (
			);
			runOnlyForDeploymentPostprocessing = 0;
		};
/* End PBXFrameworksBuildPhase section */

/* Begin PBXGroup section */
		11EEC44419D31B0800DCD737 /* Transport */ = {
			isa = PBXGroup;
			children = (
				11EEC45019D321A700DCD737 /* ConnectionOptions.swift */,
				11EEC44219D31A3800DCD737 /* Transport.swift */,
				11EEC44719D31B8B00DCD737 /* TransportAdapter.swift */,
				11EEC44519D31B7D00DCD737 /* MQTTLongPollChunkedTransportAdapter.swift */,
			);
			name = Transport;
			sourceTree = "<group>";
		};
		11EEC44919D31C9C00DCD737 /* Messages */ = {
			isa = PBXGroup;
			children = (
				11EEC44A19D31CA700DCD737 /* Message.swift */,
				11EEC44C19D31CE600DCD737 /* SessionCreateMessage.swift */,
			);
			name = Messages;
			sourceTree = "<group>";
		};
		11EEC49D19D33E8B00DCD737 /* Dependencies */ = {
			isa = PBXGroup;
			children = (
				729F39DE19CB9CD200E38296 /* Signal.swift */,
				11EEC45C19D3383E00DCD737 /* SwellAll.swift */,
			);
			name = Dependencies;
			sourceTree = "<group>";
		};
		7291630B19CB5FE500320F15 = {
			isa = PBXGroup;
			children = (
				11EEC45819D32AEC00DCD737 /* Foundation.framework */,
				7291631719CB5FE500320F15 /* Jetstream */,
				7291632119CB5FE500320F15 /* JetstreamTests */,
				7291631619CB5FE500320F15 /* Products */,
			);
			sourceTree = "<group>";
		};
		7291631619CB5FE500320F15 /* Products */ = {
			isa = PBXGroup;
			children = (
				7291631519CB5FE500320F15 /* Jetstream.framework */,
				7291632019CB5FE500320F15 /* JetstreamTests.xctest */,
			);
			name = Products;
			sourceTree = "<group>";
		};
		7291631719CB5FE500320F15 /* Jetstream */ = {
			isa = PBXGroup;
			children = (
				11EEC49D19D33E8B00DCD737 /* Dependencies */,
				11EEC44919D31C9C00DCD737 /* Messages */,
				11EEC44419D31B0800DCD737 /* Transport */,
				11EEC44E19D31F0300DCD737 /* Client.swift */,
				11EEC45E19D3396300DCD737 /* Logging.swift */,
				7291632E19CB880200320F15 /* ModelObject.swift */,
				11EEC44019D319DC00DCD737 /* Session.swift */,
				11EEC45A19D32B2200DCD737 /* Jetstream.h */,
				7291631819CB5FE500320F15 /* Supporting Files */,
			);
			path = Jetstream;
			sourceTree = "<group>";
		};
		7291631819CB5FE500320F15 /* Supporting Files */ = {
			isa = PBXGroup;
			children = (
				7291631919CB5FE500320F15 /* Info.plist */,
			);
			name = "Supporting Files";
			sourceTree = "<group>";
		};
		7291632119CB5FE500320F15 /* JetstreamTests */ = {
			isa = PBXGroup;
			children = (
				72A6B5F619CD171500B7BD94 /* Models */,
				7291632419CB5FE500320F15 /* JetstreamTests.swift */,
				7291632219CB5FE500320F15 /* Supporting Files */,
				72A6B5F419CD16F400B7BD94 /* TreeChangeTests.swift */,
			);
			path = JetstreamTests;
			sourceTree = "<group>";
		};
		7291632219CB5FE500320F15 /* Supporting Files */ = {
			isa = PBXGroup;
			children = (
				7291632319CB5FE500320F15 /* Info.plist */,
			);
			name = "Supporting Files";
			sourceTree = "<group>";
		};
		72A6B5F619CD171500B7BD94 /* Models */ = {
			isa = PBXGroup;
			children = (
				7291633019CB8B2C00320F15 /* TestModel.swift */,
			);
			name = Models;
			sourceTree = "<group>";
		};
/* End PBXGroup section */

/* Begin PBXHeadersBuildPhase section */
		7291631219CB5FE500320F15 /* Headers */ = {
			isa = PBXHeadersBuildPhase;
			buildActionMask = 2147483647;
			files = (
				11EEC45B19D32B2200DCD737 /* Jetstream.h in Headers */,
			);
			runOnlyForDeploymentPostprocessing = 0;
		};
/* End PBXHeadersBuildPhase section */

/* Begin PBXNativeTarget section */
		7291631419CB5FE500320F15 /* Jetstream */ = {
			isa = PBXNativeTarget;
			buildConfigurationList = 7291632819CB5FE500320F15 /* Build configuration list for PBXNativeTarget "Jetstream" */;
			buildPhases = (
				7291631019CB5FE500320F15 /* Sources */,
				7291631119CB5FE500320F15 /* Frameworks */,
				7291631219CB5FE500320F15 /* Headers */,
				7291631319CB5FE500320F15 /* Resources */,
			);
			buildRules = (
			);
			dependencies = (
			);
			name = Jetstream;
			productName = Jetstream;
			productReference = 7291631519CB5FE500320F15 /* Jetstream.framework */;
			productType = "com.apple.product-type.framework";
		};
		7291631F19CB5FE500320F15 /* JetstreamTests */ = {
			isa = PBXNativeTarget;
			buildConfigurationList = 7291632B19CB5FE500320F15 /* Build configuration list for PBXNativeTarget "JetstreamTests" */;
			buildPhases = (
				7291631C19CB5FE500320F15 /* Sources */,
				7291631D19CB5FE500320F15 /* Frameworks */,
				7291631E19CB5FE500320F15 /* Resources */,
			);
			buildRules = (
			);
			dependencies = (
			);
			name = JetstreamTests;
			productName = JetstreamTests;
			productReference = 7291632019CB5FE500320F15 /* JetstreamTests.xctest */;
			productType = "com.apple.product-type.bundle.unit-test";
		};
/* End PBXNativeTarget section */

/* Begin PBXProject section */
		7291630C19CB5FE500320F15 /* Project object */ = {
			isa = PBXProject;
			attributes = {
				LastUpgradeCheck = 0600;
				ORGANIZATIONNAME = Uber;
				TargetAttributes = {
					7291631419CB5FE500320F15 = {
						CreatedOnToolsVersion = 6.0;
					};
					7291631F19CB5FE500320F15 = {
						CreatedOnToolsVersion = 6.0;
					};
				};
			};
			buildConfigurationList = 7291630F19CB5FE500320F15 /* Build configuration list for PBXProject "Jetstream" */;
			compatibilityVersion = "Xcode 3.2";
			developmentRegion = English;
			hasScannedForEncodings = 0;
			knownRegions = (
				en,
			);
			mainGroup = 7291630B19CB5FE500320F15;
			productRefGroup = 7291631619CB5FE500320F15 /* Products */;
			projectDirPath = "";
			projectRoot = "";
			targets = (
				7291631419CB5FE500320F15 /* Jetstream */,
				7291631F19CB5FE500320F15 /* JetstreamTests */,
			);
		};
/* End PBXProject section */

/* Begin PBXResourcesBuildPhase section */
		7291631319CB5FE500320F15 /* Resources */ = {
			isa = PBXResourcesBuildPhase;
			buildActionMask = 2147483647;
			files = (
			);
			runOnlyForDeploymentPostprocessing = 0;
		};
		7291631E19CB5FE500320F15 /* Resources */ = {
			isa = PBXResourcesBuildPhase;
			buildActionMask = 2147483647;
			files = (
			);
			runOnlyForDeploymentPostprocessing = 0;
		};
/* End PBXResourcesBuildPhase section */

/* Begin PBXSourcesBuildPhase section */
		7291631019CB5FE500320F15 /* Sources */ = {
			isa = PBXSourcesBuildPhase;
			buildActionMask = 2147483647;
			files = (
				11EEC45D19D3383E00DCD737 /* SwellAll.swift in Sources */,
				11EEC45119D321A700DCD737 /* ConnectionOptions.swift in Sources */,
				7291632F19CB880200320F15 /* ModelObject.swift in Sources */,
				729F39DF19CB9CD200E38296 /* Signal.swift in Sources */,
				11EEC44D19D31CE600DCD737 /* SessionCreateMessage.swift in Sources */,
				11EEC44119D319DC00DCD737 /* Session.swift in Sources */,
				11EEC44619D31B7D00DCD737 /* MQTTLongPollChunkedTransportAdapter.swift in Sources */,
				11EEC45F19D3396300DCD737 /* Logging.swift in Sources */,
				11EEC44319D31A3800DCD737 /* Transport.swift in Sources */,
				11EEC44F19D31F0300DCD737 /* Client.swift in Sources */,
				11EEC44819D31B8B00DCD737 /* TransportAdapter.swift in Sources */,
				11EEC44B19D31CA700DCD737 /* Message.swift in Sources */,
			);
			runOnlyForDeploymentPostprocessing = 0;
		};
		7291631C19CB5FE500320F15 /* Sources */ = {
			isa = PBXSourcesBuildPhase;
			buildActionMask = 2147483647;
			files = (
				72A6B5F519CD16F400B7BD94 /* TreeChangeTests.swift in Sources */,
				7291632519CB5FE500320F15 /* JetstreamTests.swift in Sources */,
				729F39E019CB9D0400E38296 /* Signal.swift in Sources */,
				7291633319CB8BB700320F15 /* ModelObject.swift in Sources */,
				7291633119CB8B2C00320F15 /* TestModel.swift in Sources */,
			);
			runOnlyForDeploymentPostprocessing = 0;
		};
/* End PBXSourcesBuildPhase section */

/* Begin XCBuildConfiguration section */
		7291632619CB5FE500320F15 /* Debug */ = {
			isa = XCBuildConfiguration;
			buildSettings = {
				ALWAYS_SEARCH_USER_PATHS = NO;
				CLANG_CXX_LANGUAGE_STANDARD = "gnu++0x";
				CLANG_CXX_LIBRARY = "libc++";
				CLANG_ENABLE_MODULES = YES;
				CLANG_ENABLE_OBJC_ARC = YES;
				CLANG_WARN_BOOL_CONVERSION = YES;
				CLANG_WARN_CONSTANT_CONVERSION = YES;
				CLANG_WARN_DIRECT_OBJC_ISA_USAGE = YES_ERROR;
				CLANG_WARN_EMPTY_BODY = YES;
				CLANG_WARN_ENUM_CONVERSION = YES;
				CLANG_WARN_INT_CONVERSION = YES;
				CLANG_WARN_OBJC_ROOT_CLASS = YES_ERROR;
				CLANG_WARN_UNREACHABLE_CODE = YES;
				CLANG_WARN__DUPLICATE_METHOD_MATCH = YES;
				"CODE_SIGN_IDENTITY[sdk=iphoneos*]" = "iPhone Developer";
				COPY_PHASE_STRIP = NO;
				CURRENT_PROJECT_VERSION = 1;
				ENABLE_STRICT_OBJC_MSGSEND = YES;
				GCC_C_LANGUAGE_STANDARD = gnu99;
				GCC_DYNAMIC_NO_PIC = NO;
				GCC_OPTIMIZATION_LEVEL = 0;
				GCC_PREPROCESSOR_DEFINITIONS = (
					"DEBUG=1",
					"$(inherited)",
				);
				GCC_SYMBOLS_PRIVATE_EXTERN = NO;
				GCC_WARN_64_TO_32_BIT_CONVERSION = YES;
				GCC_WARN_ABOUT_RETURN_TYPE = YES_ERROR;
				GCC_WARN_UNDECLARED_SELECTOR = YES;
				GCC_WARN_UNINITIALIZED_AUTOS = YES_AGGRESSIVE;
				GCC_WARN_UNUSED_FUNCTION = YES;
				GCC_WARN_UNUSED_VARIABLE = YES;
				IPHONEOS_DEPLOYMENT_TARGET = 8.0;
				MTL_ENABLE_DEBUG_INFO = YES;
				ONLY_ACTIVE_ARCH = YES;
				SDKROOT = iphoneos;
				SWIFT_OPTIMIZATION_LEVEL = "-Onone";
				TARGETED_DEVICE_FAMILY = "1,2";
				VERSIONING_SYSTEM = "apple-generic";
				VERSION_INFO_PREFIX = "";
			};
			name = Debug;
		};
		7291632719CB5FE500320F15 /* Release */ = {
			isa = XCBuildConfiguration;
			buildSettings = {
				ALWAYS_SEARCH_USER_PATHS = NO;
				CLANG_CXX_LANGUAGE_STANDARD = "gnu++0x";
				CLANG_CXX_LIBRARY = "libc++";
				CLANG_ENABLE_MODULES = YES;
				CLANG_ENABLE_OBJC_ARC = YES;
				CLANG_WARN_BOOL_CONVERSION = YES;
				CLANG_WARN_CONSTANT_CONVERSION = YES;
				CLANG_WARN_DIRECT_OBJC_ISA_USAGE = YES_ERROR;
				CLANG_WARN_EMPTY_BODY = YES;
				CLANG_WARN_ENUM_CONVERSION = YES;
				CLANG_WARN_INT_CONVERSION = YES;
				CLANG_WARN_OBJC_ROOT_CLASS = YES_ERROR;
				CLANG_WARN_UNREACHABLE_CODE = YES;
				CLANG_WARN__DUPLICATE_METHOD_MATCH = YES;
				"CODE_SIGN_IDENTITY[sdk=iphoneos*]" = "iPhone Developer";
				COPY_PHASE_STRIP = YES;
				CURRENT_PROJECT_VERSION = 1;
				ENABLE_NS_ASSERTIONS = NO;
				ENABLE_STRICT_OBJC_MSGSEND = YES;
				GCC_C_LANGUAGE_STANDARD = gnu99;
				GCC_WARN_64_TO_32_BIT_CONVERSION = YES;
				GCC_WARN_ABOUT_RETURN_TYPE = YES_ERROR;
				GCC_WARN_UNDECLARED_SELECTOR = YES;
				GCC_WARN_UNINITIALIZED_AUTOS = YES_AGGRESSIVE;
				GCC_WARN_UNUSED_FUNCTION = YES;
				GCC_WARN_UNUSED_VARIABLE = YES;
				IPHONEOS_DEPLOYMENT_TARGET = 8.0;
				MTL_ENABLE_DEBUG_INFO = NO;
				SDKROOT = iphoneos;
				TARGETED_DEVICE_FAMILY = "1,2";
				VALIDATE_PRODUCT = YES;
				VERSIONING_SYSTEM = "apple-generic";
				VERSION_INFO_PREFIX = "";
			};
			name = Release;
		};
		7291632919CB5FE500320F15 /* Debug */ = {
			isa = XCBuildConfiguration;
			buildSettings = {
				CLANG_ALLOW_NON_MODULAR_INCLUDES_IN_FRAMEWORK_MODULES = YES;
				CLANG_ENABLE_MODULES = YES;
				DEFINES_MODULE = YES;
				DYLIB_COMPATIBILITY_VERSION = 1;
				DYLIB_CURRENT_VERSION = 1;
				DYLIB_INSTALL_NAME_BASE = "@rpath";
				HEADER_SEARCH_PATHS = (
					"$(inherited)",
					/Applications/Xcode.app/Contents/Developer/Toolchains/XcodeDefault.xctoolchain/usr/include,
					"$(PROJECT_DIR)/Jetstream/libmosquitto-1.3.4",
				);
				INFOPLIST_FILE = Jetstream/Info.plist;
				INSTALL_PATH = "$(LOCAL_LIBRARY_DIR)/Frameworks";
				LD_RUNPATH_SEARCH_PATHS = "$(inherited) @executable_path/Frameworks @loader_path/Frameworks";
				PRODUCT_NAME = "$(TARGET_NAME)";
				SKIP_INSTALL = YES;
				SWIFT_OBJC_BRIDGING_HEADER = "";
				SWIFT_OPTIMIZATION_LEVEL = "-Onone";
			};
			name = Debug;
		};
		7291632A19CB5FE500320F15 /* Release */ = {
			isa = XCBuildConfiguration;
			buildSettings = {
				CLANG_ALLOW_NON_MODULAR_INCLUDES_IN_FRAMEWORK_MODULES = YES;
				CLANG_ENABLE_MODULES = YES;
				DEFINES_MODULE = YES;
				DYLIB_COMPATIBILITY_VERSION = 1;
				DYLIB_CURRENT_VERSION = 1;
				DYLIB_INSTALL_NAME_BASE = "@rpath";
				HEADER_SEARCH_PATHS = (
					"$(inherited)",
					/Applications/Xcode.app/Contents/Developer/Toolchains/XcodeDefault.xctoolchain/usr/include,
					"$(PROJECT_DIR)/Jetstream/libmosquitto-1.3.4",
				);
				INFOPLIST_FILE = Jetstream/Info.plist;
				INSTALL_PATH = "$(LOCAL_LIBRARY_DIR)/Frameworks";
				LD_RUNPATH_SEARCH_PATHS = "$(inherited) @executable_path/Frameworks @loader_path/Frameworks";
				PRODUCT_NAME = "$(TARGET_NAME)";
				SKIP_INSTALL = YES;
				SWIFT_OBJC_BRIDGING_HEADER = "";
				SWIFT_OPTIMIZATION_LEVEL = "-Onone";
			};
			name = Release;
		};
		7291632C19CB5FE500320F15 /* Debug */ = {
			isa = XCBuildConfiguration;
			buildSettings = {
				FRAMEWORK_SEARCH_PATHS = (
					"$(SDKROOT)/Developer/Library/Frameworks",
					"$(inherited)",
				);
				GCC_PREPROCESSOR_DEFINITIONS = (
					"DEBUG=1",
					"$(inherited)",
				);
				INFOPLIST_FILE = JetstreamTests/Info.plist;
				LD_RUNPATH_SEARCH_PATHS = "$(inherited) @executable_path/Frameworks @loader_path/Frameworks";
				PRODUCT_NAME = "$(TARGET_NAME)";
			};
			name = Debug;
		};
		7291632D19CB5FE500320F15 /* Release */ = {
			isa = XCBuildConfiguration;
			buildSettings = {
				FRAMEWORK_SEARCH_PATHS = (
					"$(SDKROOT)/Developer/Library/Frameworks",
					"$(inherited)",
				);
				INFOPLIST_FILE = JetstreamTests/Info.plist;
				LD_RUNPATH_SEARCH_PATHS = "$(inherited) @executable_path/Frameworks @loader_path/Frameworks";
				PRODUCT_NAME = "$(TARGET_NAME)";
			};
			name = Release;
		};
/* End XCBuildConfiguration section */

/* Begin XCConfigurationList section */
		7291630F19CB5FE500320F15 /* Build configuration list for PBXProject "Jetstream" */ = {
			isa = XCConfigurationList;
			buildConfigurations = (
				7291632619CB5FE500320F15 /* Debug */,
				7291632719CB5FE500320F15 /* Release */,
			);
			defaultConfigurationIsVisible = 0;
			defaultConfigurationName = Release;
		};
		7291632819CB5FE500320F15 /* Build configuration list for PBXNativeTarget "Jetstream" */ = {
			isa = XCConfigurationList;
			buildConfigurations = (
				7291632919CB5FE500320F15 /* Debug */,
				7291632A19CB5FE500320F15 /* Release */,
			);
			defaultConfigurationIsVisible = 0;
			defaultConfigurationName = Release;
		};
		7291632B19CB5FE500320F15 /* Build configuration list for PBXNativeTarget "JetstreamTests" */ = {
			isa = XCConfigurationList;
			buildConfigurations = (
				7291632C19CB5FE500320F15 /* Debug */,
				7291632D19CB5FE500320F15 /* Release */,
			);
			defaultConfigurationIsVisible = 0;
			defaultConfigurationName = Release;
		};
/* End XCConfigurationList section */
	};
	rootObject = 7291630C19CB5FE500320F15 /* Project object */;
}
